
Microsoft Visual Studio Solution File, Format Version 12.00
# Visual Studio Version 16
VisualStudioVersion = 16.0.30621.155
MinimumVisualStudioVersion = 10.0.40219.1
Project("{FAE04EC0-301F-11D3-BF4B-00C04F79EFBC}") = "bloxhub1", "bloxhub1\bloxhub1.csproj", "{0F5BBF7F-5BB8-4BE8-985C-56FB8DF8BE27}"
EndProject
Global
	GlobalSection(SolutionConfigurationPlatforms) = preSolution
		Debug|Any CPU = Debug|Any CPU
		Release|Any CPU = Release|Any CPU
	EndGlobalSection
	GlobalSection(ProjectConfigurationPlatforms) = postSolution
		{0F5BBF7F-5BB8-4BE8-985C-56FB8DF8BE27}.Debug|Any CPU.ActiveCfg = Debug|Any CPU
		{0F5BBF7F-5BB8-4BE8-985C-56FB8DF8BE27}.Debug|Any CPU.Build.0 = Debug|Any CPU
		{0F5BBF7F-5BB8-4BE8-985C-56FB8DF8BE27}.Release|Any CPU.ActiveCfg = Release|Any CPU
		{0F5BBF7F-5BB8-4BE8-985C-56FB8DF8BE27}.Release|Any CPU.Build.0 = Release|Any CPU
	EndGlobalSection
	GlobalSection(SolutionProperties) = preSolution
		HideSolutionNode = FALSE
	EndGlobalSection
	GlobalSection(ExtensibilityGlobals) = postSolution
		SolutionGuid = {3D05BF51-6D8C-43BB-95F1-B416213E44AB}
	EndGlobalSection
EndGlobal
